
Microsoft Visual Studio Solution File, Format Version 12.00
# Visual Studio 14
VisualStudioVersion = 14.0.25420.1
MinimumVisualStudioVersion = 10.0.40219.1
Project("{FAE04EC0-301F-11D3-BF4B-00C04F79EFBC}") = "Nmea0183", "Nmea0183\Nmea0183.csproj", "{FB60EE22-3E95-4AB0-B1FE-06EF70EE4042}"
EndProject
Project("{FAE04EC0-301F-11D3-BF4B-00C04F79EFBC}") = "Experiment1", "Experiment1\Experiment1.csproj", "{C43255FF-A160-4ED6-AAF7-B5A1128E51D0}"
EndProject
Project("{FAE04EC0-301F-11D3-BF4B-00C04F79EFBC}") = "NmeaComposer", "NmeaComposer\NmeaComposer.csproj", "{E12DD2D4-69F7-476C-B746-A0B59CE3DE85}"
EndProject
Project("{2150E333-8FDC-42A3-9474-1A3956D46DE8}") = "_doc", "_doc", "{EBD27043-6B5E-4309-8A18-FC0A4659226E}"
	ProjectSection(SolutionItems) = preProject
		doc\001notes.pdf = doc\001notes.pdf
		doc\autopilot-sample.txt = doc\autopilot-sample.txt
		doc\compasscorrection.nb = doc\compasscorrection.nb
		doc\compasscorrection.pdf = doc\compasscorrection.pdf
		running-notes.txt = running-notes.txt
		specifications.txt = specifications.txt
		TODO.txt = TODO.txt
	EndProjectSection
EndProject
Project("{FAE04EC0-301F-11D3-BF4B-00C04F79EFBC}") = "ShowMessages", "ShowMessages\ShowMessages.csproj", "{605D894D-866E-4DF1-866E-9B6C8553ABFF}"
EndProject
Project("{FAE04EC0-301F-11D3-BF4B-00C04F79EFBC}") = "Experiment3", "Experiment3\Experiment3.csproj", "{4CDE7000-ED4A-42A0-AE11-D27FEA94503B}"
EndProject
Project("{FAE04EC0-301F-11D3-BF4B-00C04F79EFBC}") = "Geometry", "Geometry\Geometry.csproj", "{C5B7BA90-F19E-4D90-B12E-3A6BDE329DC0}"
EndProject
Project("{FAE04EC0-301F-11D3-BF4B-00C04F79EFBC}") = "GeometricTests", "GeometricTests\GeometricTests.csproj", "{0AD1D325-9067-4E46-972E-08003E8F9D5A}"
EndProject
Project("{FAE04EC0-301F-11D3-BF4B-00C04F79EFBC}") = "SerialExchange", "SerialExchange\SerialExchange.csproj", "{B6F6F612-82A8-4695-A42B-4B04E227E3F2}"
EndProject
Project("{2150E333-8FDC-42A3-9474-1A3956D46DE8}") = "Experiments", "Experiments", "{3AD98E46-3025-452B-8924-3B64A9F2F4F6}"
EndProject
Project("{2150E333-8FDC-42A3-9474-1A3956D46DE8}") = "Libraries", "Libraries", "{BC6A84CD-6BE5-44F0-83EC-1053FA782B82}"
EndProject
Project("{FAE04EC0-301F-11D3-BF4B-00C04F79EFBC}") = "TcpExchange", "TcpExchange\TcpExchange.csproj", "{A636371D-3BAE-4E48-B1C7-FC9E70458E4A}"
EndProject
Project("{2150E333-8FDC-42A3-9474-1A3956D46DE8}") = "Exchangers", "Exchangers", "{63C6C702-8B64-4CEA-A5DE-0A644DC15F60}"
EndProject
Project("{FAE04EC0-301F-11D3-BF4B-00C04F79EFBC}") = "ConsoleLog", "ConsoleLog\ConsoleLog.csproj", "{B8B977D1-4427-4ECB-99C4-C6EC10FD6D9A}"
EndProject
Project("{2150E333-8FDC-42A3-9474-1A3956D46DE8}") = "Applications", "Applications", "{63DCFC08-86B2-4242-89CA-A471096E4BBC}"
EndProject
Project("{FAE04EC0-301F-11D3-BF4B-00C04F79EFBC}") = "DepthGauge", "DepthGauge\DepthGauge.csproj", "{F345A101-6C22-43AC-A0B1-4869191A586E}"
EndProject
Global
	GlobalSection(SolutionConfigurationPlatforms) = preSolution
		Debug|Any CPU = Debug|Any CPU
		Release|Any CPU = Release|Any CPU
	EndGlobalSection
	GlobalSection(ProjectConfigurationPlatforms) = postSolution
		{FB60EE22-3E95-4AB0-B1FE-06EF70EE4042}.Debug|Any CPU.ActiveCfg = Debug|Any CPU
		{FB60EE22-3E95-4AB0-B1FE-06EF70EE4042}.Debug|Any CPU.Build.0 = Debug|Any CPU
		{FB60EE22-3E95-4AB0-B1FE-06EF70EE4042}.Release|Any CPU.ActiveCfg = Release|Any CPU
		{FB60EE22-3E95-4AB0-B1FE-06EF70EE4042}.Release|Any CPU.Build.0 = Release|Any CPU
		{C43255FF-A160-4ED6-AAF7-B5A1128E51D0}.Debug|Any CPU.ActiveCfg = Debug|Any CPU
		{C43255FF-A160-4ED6-AAF7-B5A1128E51D0}.Debug|Any CPU.Build.0 = Debug|Any CPU
		{C43255FF-A160-4ED6-AAF7-B5A1128E51D0}.Release|Any CPU.ActiveCfg = Release|Any CPU
		{C43255FF-A160-4ED6-AAF7-B5A1128E51D0}.Release|Any CPU.Build.0 = Release|Any CPU
		{E12DD2D4-69F7-476C-B746-A0B59CE3DE85}.Debug|Any CPU.ActiveCfg = Debug|Any CPU
		{E12DD2D4-69F7-476C-B746-A0B59CE3DE85}.Debug|Any CPU.Build.0 = Debug|Any CPU
		{E12DD2D4-69F7-476C-B746-A0B59CE3DE85}.Release|Any CPU.ActiveCfg = Release|Any CPU
		{E12DD2D4-69F7-476C-B746-A0B59CE3DE85}.Release|Any CPU.Build.0 = Release|Any CPU
		{605D894D-866E-4DF1-866E-9B6C8553ABFF}.Debug|Any CPU.ActiveCfg = Debug|Any CPU
		{605D894D-866E-4DF1-866E-9B6C8553ABFF}.Debug|Any CPU.Build.0 = Debug|Any CPU
		{605D894D-866E-4DF1-866E-9B6C8553ABFF}.Release|Any CPU.ActiveCfg = Release|Any CPU
		{605D894D-866E-4DF1-866E-9B6C8553ABFF}.Release|Any CPU.Build.0 = Release|Any CPU
		{4CDE7000-ED4A-42A0-AE11-D27FEA94503B}.Debug|Any CPU.ActiveCfg = Debug|Any CPU
		{4CDE7000-ED4A-42A0-AE11-D27FEA94503B}.Debug|Any CPU.Build.0 = Debug|Any CPU
		{4CDE7000-ED4A-42A0-AE11-D27FEA94503B}.Release|Any CPU.ActiveCfg = Release|Any CPU
		{4CDE7000-ED4A-42A0-AE11-D27FEA94503B}.Release|Any CPU.Build.0 = Release|Any CPU
		{C5B7BA90-F19E-4D90-B12E-3A6BDE329DC0}.Debug|Any CPU.ActiveCfg = Debug|Any CPU
		{C5B7BA90-F19E-4D90-B12E-3A6BDE329DC0}.Debug|Any CPU.Build.0 = Debug|Any CPU
		{C5B7BA90-F19E-4D90-B12E-3A6BDE329DC0}.Release|Any CPU.ActiveCfg = Release|Any CPU
		{C5B7BA90-F19E-4D90-B12E-3A6BDE329DC0}.Release|Any CPU.Build.0 = Release|Any CPU
		{0AD1D325-9067-4E46-972E-08003E8F9D5A}.Debug|Any CPU.ActiveCfg = Debug|Any CPU
		{0AD1D325-9067-4E46-972E-08003E8F9D5A}.Debug|Any CPU.Build.0 = Debug|Any CPU
		{0AD1D325-9067-4E46-972E-08003E8F9D5A}.Release|Any CPU.ActiveCfg = Release|Any CPU
		{0AD1D325-9067-4E46-972E-08003E8F9D5A}.Release|Any CPU.Build.0 = Release|Any CPU
		{B6F6F612-82A8-4695-A42B-4B04E227E3F2}.Debug|Any CPU.ActiveCfg = Debug|Any CPU
		{B6F6F612-82A8-4695-A42B-4B04E227E3F2}.Debug|Any CPU.Build.0 = Debug|Any CPU
		{B6F6F612-82A8-4695-A42B-4B04E227E3F2}.Release|Any CPU.ActiveCfg = Release|Any CPU
		{B6F6F612-82A8-4695-A42B-4B04E227E3F2}.Release|Any CPU.Build.0 = Release|Any CPU
		{A636371D-3BAE-4E48-B1C7-FC9E70458E4A}.Debug|Any CPU.ActiveCfg = Debug|Any CPU
		{A636371D-3BAE-4E48-B1C7-FC9E70458E4A}.Debug|Any CPU.Build.0 = Debug|Any CPU
		{A636371D-3BAE-4E48-B1C7-FC9E70458E4A}.Release|Any CPU.ActiveCfg = Release|Any CPU
		{A636371D-3BAE-4E48-B1C7-FC9E70458E4A}.Release|Any CPU.Build.0 = Release|Any CPU
		{B8B977D1-4427-4ECB-99C4-C6EC10FD6D9A}.Debug|Any CPU.ActiveCfg = Debug|Any CPU
		{B8B977D1-4427-4ECB-99C4-C6EC10FD6D9A}.Debug|Any CPU.Build.0 = Debug|Any CPU
		{B8B977D1-4427-4ECB-99C4-C6EC10FD6D9A}.Release|Any CPU.ActiveCfg = Release|Any CPU
		{B8B977D1-4427-4ECB-99C4-C6EC10FD6D9A}.Release|Any CPU.Build.0 = Release|Any CPU
		{F345A101-6C22-43AC-A0B1-4869191A586E}.Debug|Any CPU.ActiveCfg = Debug|Any CPU
		{F345A101-6C22-43AC-A0B1-4869191A586E}.Debug|Any CPU.Build.0 = Debug|Any CPU
		{F345A101-6C22-43AC-A0B1-4869191A586E}.Release|Any CPU.ActiveCfg = Release|Any CPU
		{F345A101-6C22-43AC-A0B1-4869191A586E}.Release|Any CPU.Build.0 = Release|Any CPU
	EndGlobalSection
	GlobalSection(SolutionProperties) = preSolution
		HideSolutionNode = FALSE
	EndGlobalSection
	GlobalSection(NestedProjects) = preSolution
		{FB60EE22-3E95-4AB0-B1FE-06EF70EE4042} = {BC6A84CD-6BE5-44F0-83EC-1053FA782B82}
		{C43255FF-A160-4ED6-AAF7-B5A1128E51D0} = {3AD98E46-3025-452B-8924-3B64A9F2F4F6}
		{E12DD2D4-69F7-476C-B746-A0B59CE3DE85} = {3AD98E46-3025-452B-8924-3B64A9F2F4F6}
		{605D894D-866E-4DF1-866E-9B6C8553ABFF} = {63DCFC08-86B2-4242-89CA-A471096E4BBC}
		{4CDE7000-ED4A-42A0-AE11-D27FEA94503B} = {3AD98E46-3025-452B-8924-3B64A9F2F4F6}
		{C5B7BA90-F19E-4D90-B12E-3A6BDE329DC0} = {BC6A84CD-6BE5-44F0-83EC-1053FA782B82}
		{B6F6F612-82A8-4695-A42B-4B04E227E3F2} = {63C6C702-8B64-4CEA-A5DE-0A644DC15F60}
		{A636371D-3BAE-4E48-B1C7-FC9E70458E4A} = {63C6C702-8B64-4CEA-A5DE-0A644DC15F60}
		{B8B977D1-4427-4ECB-99C4-C6EC10FD6D9A} = {63DCFC08-86B2-4242-89CA-A471096E4BBC}
		{F345A101-6C22-43AC-A0B1-4869191A586E} = {63DCFC08-86B2-4242-89CA-A471096E4BBC}
	EndGlobalSection
EndGlobal
