
Microsoft Visual Studio Solution File, Format Version 12.00
# Visual Studio 14
VisualStudioVersion = 14.0.24720.0
MinimumVisualStudioVersion = 10.0.40219.1
Project("{FAE04EC0-301F-11D3-BF4B-00C04F79EFBC}") = "Nmea0183", "Nmea0183\Nmea0183.csproj", "{FB60EE22-3E95-4AB0-B1FE-06EF70EE4042}"
EndProject
Project("{FAE04EC0-301F-11D3-BF4B-00C04F79EFBC}") = "Experiment1", "Experiment1\Experiment1.csproj", "{C43255FF-A160-4ED6-AAF7-B5A1128E51D0}"
EndProject
Project("{FAE04EC0-301F-11D3-BF4B-00C04F79EFBC}") = "Experiment2", "Experiment2\Experiment2.csproj", "{6FF428E0-D0B7-48CB-A00D-EE8A02351A4E}"
EndProject
Project("{FAE04EC0-301F-11D3-BF4B-00C04F79EFBC}") = "NmeaComposer", "NmeaComposer\NmeaComposer.csproj", "{E12DD2D4-69F7-476C-B746-A0B59CE3DE85}"
EndProject
Project("{2150E333-8FDC-42A3-9474-1A3956D46DE8}") = "doc", "doc", "{EBD27043-6B5E-4309-8A18-FC0A4659226E}"
	ProjectSection(SolutionItems) = preProject
		doc\001notes.pdf = doc\001notes.pdf
		doc\autopilot-sample.txt = doc\autopilot-sample.txt
		running-notes.txt = running-notes.txt
	EndProjectSection
EndProject
Project("{FAE04EC0-301F-11D3-BF4B-00C04F79EFBC}") = "ShowMessages", "ShowMessages\ShowMessages.csproj", "{605D894D-866E-4DF1-866E-9B6C8553ABFF}"
EndProject
Project("{FAE04EC0-301F-11D3-BF4B-00C04F79EFBC}") = "Experiment3", "Experiment3\Experiment3.csproj", "{4CDE7000-ED4A-42A0-AE11-D27FEA94503B}"
EndProject
Global
	GlobalSection(SolutionConfigurationPlatforms) = preSolution
		Debug|Any CPU = Debug|Any CPU
		Release|Any CPU = Release|Any CPU
	EndGlobalSection
	GlobalSection(ProjectConfigurationPlatforms) = postSolution
		{FB60EE22-3E95-4AB0-B1FE-06EF70EE4042}.Debug|Any CPU.ActiveCfg = Debug|Any CPU
		{FB60EE22-3E95-4AB0-B1FE-06EF70EE4042}.Debug|Any CPU.Build.0 = Debug|Any CPU
		{FB60EE22-3E95-4AB0-B1FE-06EF70EE4042}.Release|Any CPU.ActiveCfg = Release|Any CPU
		{FB60EE22-3E95-4AB0-B1FE-06EF70EE4042}.Release|Any CPU.Build.0 = Release|Any CPU
		{C43255FF-A160-4ED6-AAF7-B5A1128E51D0}.Debug|Any CPU.ActiveCfg = Debug|Any CPU
		{C43255FF-A160-4ED6-AAF7-B5A1128E51D0}.Debug|Any CPU.Build.0 = Debug|Any CPU
		{C43255FF-A160-4ED6-AAF7-B5A1128E51D0}.Release|Any CPU.ActiveCfg = Release|Any CPU
		{C43255FF-A160-4ED6-AAF7-B5A1128E51D0}.Release|Any CPU.Build.0 = Release|Any CPU
		{6FF428E0-D0B7-48CB-A00D-EE8A02351A4E}.Debug|Any CPU.ActiveCfg = Debug|Any CPU
		{6FF428E0-D0B7-48CB-A00D-EE8A02351A4E}.Debug|Any CPU.Build.0 = Debug|Any CPU
		{6FF428E0-D0B7-48CB-A00D-EE8A02351A4E}.Release|Any CPU.ActiveCfg = Release|Any CPU
		{6FF428E0-D0B7-48CB-A00D-EE8A02351A4E}.Release|Any CPU.Build.0 = Release|Any CPU
		{E12DD2D4-69F7-476C-B746-A0B59CE3DE85}.Debug|Any CPU.ActiveCfg = Debug|Any CPU
		{E12DD2D4-69F7-476C-B746-A0B59CE3DE85}.Debug|Any CPU.Build.0 = Debug|Any CPU
		{E12DD2D4-69F7-476C-B746-A0B59CE3DE85}.Release|Any CPU.ActiveCfg = Release|Any CPU
		{E12DD2D4-69F7-476C-B746-A0B59CE3DE85}.Release|Any CPU.Build.0 = Release|Any CPU
		{605D894D-866E-4DF1-866E-9B6C8553ABFF}.Debug|Any CPU.ActiveCfg = Debug|Any CPU
		{605D894D-866E-4DF1-866E-9B6C8553ABFF}.Debug|Any CPU.Build.0 = Debug|Any CPU
		{605D894D-866E-4DF1-866E-9B6C8553ABFF}.Release|Any CPU.ActiveCfg = Release|Any CPU
		{605D894D-866E-4DF1-866E-9B6C8553ABFF}.Release|Any CPU.Build.0 = Release|Any CPU
		{4CDE7000-ED4A-42A0-AE11-D27FEA94503B}.Debug|Any CPU.ActiveCfg = Debug|Any CPU
		{4CDE7000-ED4A-42A0-AE11-D27FEA94503B}.Debug|Any CPU.Build.0 = Debug|Any CPU
		{4CDE7000-ED4A-42A0-AE11-D27FEA94503B}.Release|Any CPU.ActiveCfg = Release|Any CPU
		{4CDE7000-ED4A-42A0-AE11-D27FEA94503B}.Release|Any CPU.Build.0 = Release|Any CPU
	EndGlobalSection
	GlobalSection(SolutionProperties) = preSolution
		HideSolutionNode = FALSE
	EndGlobalSection
EndGlobal
